
Microsoft Visual Studio Solution File, Format Version 12.00
# Visual Studio Version 17
VisualStudioVersion = 17.1.32328.378
MinimumVisualStudioVersion = 10.0.40219.1
Project("{FAE04EC0-301F-11D3-BF4B-00C04F79EFBC}") = "TulaOSC", "TulaOSC.csproj", "{71DB9550-E6B5-4F78-8237-041D6D58A15D}"
EndProject
Global
	GlobalSection(SolutionConfigurationPlatforms) = preSolution
		Debug|Any CPU = Debug|Any CPU
		Release|Any CPU = Release|Any CPU
	EndGlobalSection
	GlobalSection(ProjectConfigurationPlatforms) = postSolution
		{71DB9550-E6B5-4F78-8237-041D6D58A15D}.Debug|Any CPU.ActiveCfg = Debug|Any CPU
		{71DB9550-E6B5-4F78-8237-041D6D58A15D}.Debug|Any CPU.Build.0 = Debug|Any CPU
		{71DB9550-E6B5-4F78-8237-041D6D58A15D}.Release|Any CPU.ActiveCfg = Release|Any CPU
		{71DB9550-E6B5-4F78-8237-041D6D58A15D}.Release|Any CPU.Build.0 = Release|Any CPU
	EndGlobalSection
	GlobalSection(SolutionProperties) = preSolution
		HideSolutionNode = FALSE
	EndGlobalSection
	GlobalSection(ExtensibilityGlobals) = postSolution
		SolutionGuid = {1B94D284-EDA2-4E53-B4F4-433F30527529}
	EndGlobalSection
EndGlobal
